
Microsoft Visual Studio Solution File, Format Version 12.00
# Visual Studio Version 17
VisualStudioVersion = 17.9.34701.34
MinimumVisualStudioVersion = 10.0.40219.1
Project("{FAE04EC0-301F-11D3-BF4B-00C04F79EFBC}") = "Homework_02", "Homework_02\Homework_02.csproj", "{7585EFA5-E3D9-4CB3-8261-E63BA07A64AA}"
EndProject
Global
	GlobalSection(SolutionConfigurationPlatforms) = preSolution
		Debug|Any CPU = Debug|Any CPU
		Release|Any CPU = Release|Any CPU
	EndGlobalSection
	GlobalSection(ProjectConfigurationPlatforms) = postSolution
		{7585EFA5-E3D9-4CB3-8261-E63BA07A64AA}.Debug|Any CPU.ActiveCfg = Debug|Any CPU
		{7585EFA5-E3D9-4CB3-8261-E63BA07A64AA}.Debug|Any CPU.Build.0 = Debug|Any CPU
		{7585EFA5-E3D9-4CB3-8261-E63BA07A64AA}.Release|Any CPU.ActiveCfg = Release|Any CPU
		{7585EFA5-E3D9-4CB3-8261-E63BA07A64AA}.Release|Any CPU.Build.0 = Release|Any CPU
	EndGlobalSection
	GlobalSection(SolutionProperties) = preSolution
		HideSolutionNode = FALSE
	EndGlobalSection
	GlobalSection(ExtensibilityGlobals) = postSolution
		SolutionGuid = {1010F69D-6B0F-4748-A018-620E693F480E}
	EndGlobalSection
EndGlobal
