
Microsoft Visual Studio Solution File, Format Version 12.00
# Visual Studio Version 17
VisualStudioVersion = 17.9.34701.34
MinimumVisualStudioVersion = 10.0.40219.1
Project("{FAE04EC0-301F-11D3-BF4B-00C04F79EFBC}") = "Homework_01", "Homework_01\Homework_01.csproj", "{C9C4570F-223F-4F92-B48A-EDB64455D8FE}"
EndProject
Global
	GlobalSection(SolutionConfigurationPlatforms) = preSolution
		Debug|Any CPU = Debug|Any CPU
		Release|Any CPU = Release|Any CPU
	EndGlobalSection
	GlobalSection(ProjectConfigurationPlatforms) = postSolution
		{C9C4570F-223F-4F92-B48A-EDB64455D8FE}.Debug|Any CPU.ActiveCfg = Debug|Any CPU
		{C9C4570F-223F-4F92-B48A-EDB64455D8FE}.Debug|Any CPU.Build.0 = Debug|Any CPU
		{C9C4570F-223F-4F92-B48A-EDB64455D8FE}.Release|Any CPU.ActiveCfg = Release|Any CPU
		{C9C4570F-223F-4F92-B48A-EDB64455D8FE}.Release|Any CPU.Build.0 = Release|Any CPU
	EndGlobalSection
	GlobalSection(SolutionProperties) = preSolution
		HideSolutionNode = FALSE
	EndGlobalSection
	GlobalSection(ExtensibilityGlobals) = postSolution
		SolutionGuid = {7FFC202F-3B82-4428-8792-E7E3B74D8288}
	EndGlobalSection
EndGlobal
